Microsoft Visual Studio Solution File, Format Version 12.00
# Visual Studio Version 17
VisualStudioVersion = 17.4.33213.308
MinimumVisualStudioVersion = 10.0.40219.1
Project("{2150E333-8FDC-42A3-9474-1A3956D46DE8}") = "Solution Items", "Solution Items", "{8AF0B3BE-7B01-45FF-8EA5-CCF0C596F7E7}"
	ProjectSection(SolutionItems) = preProject
		appveyor.yml = appveyor.yml
	EndProjectSection
EndProject
Project("{2150E333-8FDC-42A3-9474-1A3956D46DE8}") = "Toolkit", "Toolkit", "{C5B85D93-6717-4270-9C36-79EFC18441C5}"
	ProjectSection(SolutionItems) = preProject
		ChangeLog.txt = ChangeLog.txt
		ReadMe.txt = ReadMe.txt
	EndProjectSection
EndProject
Project("{2150E333-8FDC-42A3-9474-1A3956D46DE8}") = "Distribution", "Distribution", "{6DF9D872-BD7D-468D-A8A5-655F4839816E}"
EndProject
Project("{FAE04EC0-301F-11D3-BF4B-00C04F79EFBC}") = "StoreManager", "Toolkit\storemanager\StoreManager.csproj", "{5B73EE4C-D365-437B-B3DC-8D8831BF74F3}"
EndProject
Project("{FAE04EC0-301F-11D3-BF4B-00C04F79EFBC}") = "SparqlGUI", "Toolkit\SparqlGUI\SparqlGUI.csproj", "{BBD4CD30-FCB8-45B5-8AEF-F1D4192BC8B2}"
EndProject
Project("{FAE04EC0-301F-11D3-BF4B-00C04F79EFBC}") = "rdfConvert", "Toolkit\rdfConvert\rdfConvert.csproj", "{A33041FF-1521-4CA0-BF53-AFB1C1BBF086}"
EndProject
Project("{FAE04EC0-301F-11D3-BF4B-00C04F79EFBC}") = "rdfQuery", "Toolkit\rdfQuery\rdfQuery.csproj", "{E86A1442-C73E-415F-8C67-0F6D79BBB1C3}"
EndProject
Project("{FAE04EC0-301F-11D3-BF4B-00C04F79EFBC}") = "soh", "Toolkit\soh\soh.csproj", "{158872DD-31B7-4DF7-8950-A9547CC220C2}"
EndProject
Project("{FAE04EC0-301F-11D3-BF4B-00C04F79EFBC}") = "rdfOptStats", "Toolkit\rdfOptStats\rdfOptStats.csproj", "{7F8C8890-F2EB-479B-94ED-74377045FCB6}"
EndProject
Project("{FAE04EC0-301F-11D3-BF4B-00C04F79EFBC}") = "rdfEditor.Wpf", "Toolkit\rdfEditor.Wpf\rdfEditor.Wpf.csproj", "{F8006AE8-6107-4297-9E19-C2E55303FCC6}"
EndProject
Project("{FAE04EC0-301F-11D3-BF4B-00C04F79EFBC}") = "rdfDBStudio", "Toolkit\rdfDBStudio\rdfDBStudio.csproj", "{03E26EC4-4663-41FB-8467-4BEDBB5A99E9}"
EndProject
Project("{2150E333-8FDC-42A3-9474-1A3956D46DE8}") = ".nuget", ".nuget", "{75DB141F-849F-498C-820E-DB13C3EC433D}"
	ProjectSection(SolutionItems) = preProject
		.nuget\NuGet.Config = .nuget\NuGet.Config
	EndProjectSection
EndProject
Project("{930C7802-8A8C-48F9-8165-68863BCCD9DD}") = "ToolkitInstaller", "ToolkitInstaller\ToolkitInstaller.wixproj", "{5BF10FA7-95B7-42B4-8F17-65AE02AA65FE}"
	ProjectSection(ProjectDependencies) = postProject
		{BBD4CD30-FCB8-45B5-8AEF-F1D4192BC8B2} = {BBD4CD30-FCB8-45B5-8AEF-F1D4192BC8B2}
		{E86A1442-C73E-415F-8C67-0F6D79BBB1C3} = {E86A1442-C73E-415F-8C67-0F6D79BBB1C3}
		{5B73EE4C-D365-437B-B3DC-8D8831BF74F3} = {5B73EE4C-D365-437B-B3DC-8D8831BF74F3}
		{7F8C8890-F2EB-479B-94ED-74377045FCB6} = {7F8C8890-F2EB-479B-94ED-74377045FCB6}
		{158872DD-31B7-4DF7-8950-A9547CC220C2} = {158872DD-31B7-4DF7-8950-A9547CC220C2}
		{F8006AE8-6107-4297-9E19-C2E55303FCC6} = {F8006AE8-6107-4297-9E19-C2E55303FCC6}
		{A33041FF-1521-4CA0-BF53-AFB1C1BBF086} = {A33041FF-1521-4CA0-BF53-AFB1C1BBF086}
	EndProjectSection
EndProject
Project("{FAE04EC0-301F-11D3-BF4B-00C04F79EFBC}") = "rdfEditor.Core", "Libraries\editor\rdfEditor.Core.csproj", "{D381CE62-3B23-4BFE-847B-912F7992075B}"
EndProject
Project("{FAE04EC0-301F-11D3-BF4B-00C04F79EFBC}") = "rdfEditor.Core.Wpf", "Libraries\editor.wpf\rdfEditor.Core.Wpf.csproj", "{C06AF971-A922-4070-A335-1C5D6A16A6CE}"
EndProject
Project("{FAE04EC0-301F-11D3-BF4B-00C04F79EFBC}") = "dotNetRDF.WinForms", "Libraries\gui.winforms\dotNetRDF.WinForms.csproj", "{0D1B8423-44F6-4ACE-8055-58D66E574F9D}"
EndProject
Project("{FAE04EC0-301F-11D3-BF4B-00C04F79EFBC}") = "StoreManager.Core", "Libraries\storemanager.core\StoreManager.Core.csproj", "{396210A4-AEDA-4352-8458-1788083E336F}"
EndProject
Project("{FAE04EC0-301F-11D3-BF4B-00C04F79EFBC}") = "GraphBenchmarker", "GraphBenchmarker\GraphBenchmarker.csproj", "{456524B8-7F2A-45B9-9642-5CD4737D051F}"
EndProject
Global
	GlobalSection(SolutionConfigurationPlatforms) = preSolution
		Debug|Any CPU = Debug|Any CPU
		Debug|Mixed Platforms = Debug|Mixed Platforms
		Debug|x64 = Debug|x64
		Debug|x86 = Debug|x86
		Release|Any CPU = Release|Any CPU
		Release|Mixed Platforms = Release|Mixed Platforms
		Release|x64 = Release|x64
		Release|x86 = Release|x86
	EndGlobalSection
	GlobalSection(ProjectConfigurationPlatforms) = postSolution
		{5B73EE4C-D365-437B-B3DC-8D8831BF74F3}.Debug|Any CPU.ActiveCfg = Debug|Any CPU
		{5B73EE4C-D365-437B-B3DC-8D8831BF74F3}.Debug|Any CPU.Build.0 = Debug|Any CPU
		{5B73EE4C-D365-437B-B3DC-8D8831BF74F3}.Debug|Mixed Platforms.ActiveCfg = Debug|Any CPU
		{5B73EE4C-D365-437B-B3DC-8D8831BF74F3}.Debug|Mixed Platforms.Build.0 = Debug|Any CPU
		{5B73EE4C-D365-437B-B3DC-8D8831BF74F3}.Debug|x64.ActiveCfg = Debug|Any CPU
		{5B73EE4C-D365-437B-B3DC-8D8831BF74F3}.Debug|x86.ActiveCfg = Debug|Any CPU
		{5B73EE4C-D365-437B-B3DC-8D8831BF74F3}.Release|Any CPU.ActiveCfg = Release|Any CPU
		{5B73EE4C-D365-437B-B3DC-8D8831BF74F3}.Release|Any CPU.Build.0 = Release|Any CPU
		{5B73EE4C-D365-437B-B3DC-8D8831BF74F3}.Release|Mixed Platforms.ActiveCfg = Release|Any CPU
		{5B73EE4C-D365-437B-B3DC-8D8831BF74F3}.Release|Mixed Platforms.Build.0 = Release|Any CPU
		{5B73EE4C-D365-437B-B3DC-8D8831BF74F3}.Release|x64.ActiveCfg = Release|Any CPU
		{5B73EE4C-D365-437B-B3DC-8D8831BF74F3}.Release|x86.ActiveCfg = Release|Any CPU
		{BBD4CD30-FCB8-45B5-8AEF-F1D4192BC8B2}.Debug|Any CPU.ActiveCfg = Debug|Any CPU
		{BBD4CD30-FCB8-45B5-8AEF-F1D4192BC8B2}.Debug|Any CPU.Build.0 = Debug|Any CPU
		{BBD4CD30-FCB8-45B5-8AEF-F1D4192BC8B2}.Debug|Mixed Platforms.ActiveCfg = Debug|Any CPU
		{BBD4CD30-FCB8-45B5-8AEF-F1D4192BC8B2}.Debug|Mixed Platforms.Build.0 = Debug|Any CPU
		{BBD4CD30-FCB8-45B5-8AEF-F1D4192BC8B2}.Debug|x64.ActiveCfg = Debug|Any CPU
		{BBD4CD30-FCB8-45B5-8AEF-F1D4192BC8B2}.Debug|x86.ActiveCfg = Debug|Any CPU
		{BBD4CD30-FCB8-45B5-8AEF-F1D4192BC8B2}.Release|Any CPU.ActiveCfg = Release|Any CPU
		{BBD4CD30-FCB8-45B5-8AEF-F1D4192BC8B2}.Release|Any CPU.Build.0 = Release|Any CPU
		{BBD4CD30-FCB8-45B5-8AEF-F1D4192BC8B2}.Release|Mixed Platforms.ActiveCfg = Release|Any CPU
		{BBD4CD30-FCB8-45B5-8AEF-F1D4192BC8B2}.Release|Mixed Platforms.Build.0 = Release|Any CPU
		{BBD4CD30-FCB8-45B5-8AEF-F1D4192BC8B2}.Release|x64.ActiveCfg = Release|Any CPU
		{BBD4CD30-FCB8-45B5-8AEF-F1D4192BC8B2}.Release|x86.ActiveCfg = Release|Any CPU
		{A33041FF-1521-4CA0-BF53-AFB1C1BBF086}.Debug|Any CPU.ActiveCfg = Debug|Any CPU
		{A33041FF-1521-4CA0-BF53-AFB1C1BBF086}.Debug|Any CPU.Build.0 = Debug|Any CPU
		{A33041FF-1521-4CA0-BF53-AFB1C1BBF086}.Debug|Mixed Platforms.ActiveCfg = Debug|Any CPU
		{A33041FF-1521-4CA0-BF53-AFB1C1BBF086}.Debug|Mixed Platforms.Build.0 = Debug|Any CPU
		{A33041FF-1521-4CA0-BF53-AFB1C1BBF086}.Debug|x64.ActiveCfg = Debug|Any CPU
		{A33041FF-1521-4CA0-BF53-AFB1C1BBF086}.Debug|x86.ActiveCfg = Debug|Any CPU
		{A33041FF-1521-4CA0-BF53-AFB1C1BBF086}.Release|Any CPU.ActiveCfg = Release|Any CPU
		{A33041FF-1521-4CA0-BF53-AFB1C1BBF086}.Release|Any CPU.Build.0 = Release|Any CPU
		{A33041FF-1521-4CA0-BF53-AFB1C1BBF086}.Release|Mixed Platforms.ActiveCfg = Release|Any CPU
		{A33041FF-1521-4CA0-BF53-AFB1C1BBF086}.Release|Mixed Platforms.Build.0 = Release|Any CPU
		{A33041FF-1521-4CA0-BF53-AFB1C1BBF086}.Release|x64.ActiveCfg = Release|Any CPU
		{A33041FF-1521-4CA0-BF53-AFB1C1BBF086}.Release|x86.ActiveCfg = Release|Any CPU
		{E86A1442-C73E-415F-8C67-0F6D79BBB1C3}.Debug|Any CPU.ActiveCfg = Debug|Any CPU
		{E86A1442-C73E-415F-8C67-0F6D79BBB1C3}.Debug|Any CPU.Build.0 = Debug|Any CPU
		{E86A1442-C73E-415F-8C67-0F6D79BBB1C3}.Debug|Mixed Platforms.ActiveCfg = Debug|Any CPU
		{E86A1442-C73E-415F-8C67-0F6D79BBB1C3}.Debug|Mixed Platforms.Build.0 = Debug|Any CPU
		{E86A1442-C73E-415F-8C67-0F6D79BBB1C3}.Debug|x64.ActiveCfg = Debug|Any CPU
		{E86A1442-C73E-415F-8C67-0F6D79BBB1C3}.Debug|x86.ActiveCfg = Debug|Any CPU
		{E86A1442-C73E-415F-8C67-0F6D79BBB1C3}.Release|Any CPU.ActiveCfg = Release|Any CPU
		{E86A1442-C73E-415F-8C67-0F6D79BBB1C3}.Release|Any CPU.Build.0 = Release|Any CPU
		{E86A1442-C73E-415F-8C67-0F6D79BBB1C3}.Release|Mixed Platforms.ActiveCfg = Release|Any CPU
		{E86A1442-C73E-415F-8C67-0F6D79BBB1C3}.Release|Mixed Platforms.Build.0 = Release|Any CPU
		{E86A1442-C73E-415F-8C67-0F6D79BBB1C3}.Release|x64.ActiveCfg = Release|Any CPU
		{E86A1442-C73E-415F-8C67-0F6D79BBB1C3}.Release|x86.ActiveCfg = Release|Any CPU
		{158872DD-31B7-4DF7-8950-A9547CC220C2}.Debug|Any CPU.ActiveCfg = Debug|Any CPU
		{158872DD-31B7-4DF7-8950-A9547CC220C2}.Debug|Any CPU.Build.0 = Debug|Any CPU
		{158872DD-31B7-4DF7-8950-A9547CC220C2}.Debug|Mixed Platforms.ActiveCfg = Debug|Any CPU
		{158872DD-31B7-4DF7-8950-A9547CC220C2}.Debug|Mixed Platforms.Build.0 = Debug|Any CPU
		{158872DD-31B7-4DF7-8950-A9547CC220C2}.Debug|x64.ActiveCfg = Debug|Any CPU
		{158872DD-31B7-4DF7-8950-A9547CC220C2}.Debug|x86.ActiveCfg = Debug|Any CPU
		{158872DD-31B7-4DF7-8950-A9547CC220C2}.Release|Any CPU.ActiveCfg = Release|Any CPU
		{158872DD-31B7-4DF7-8950-A9547CC220C2}.Release|Any CPU.Build.0 = Release|Any CPU
		{158872DD-31B7-4DF7-8950-A9547CC220C2}.Release|Mixed Platforms.ActiveCfg = Release|Any CPU
		{158872DD-31B7-4DF7-8950-A9547CC220C2}.Release|Mixed Platforms.Build.0 = Release|Any CPU
		{158872DD-31B7-4DF7-8950-A9547CC220C2}.Release|x64.ActiveCfg = Release|Any CPU
		{158872DD-31B7-4DF7-8950-A9547CC220C2}.Release|x86.ActiveCfg = Release|Any CPU
		{7F8C8890-F2EB-479B-94ED-74377045FCB6}.Debug|Any CPU.ActiveCfg = Debug|Any CPU
		{7F8C8890-F2EB-479B-94ED-74377045FCB6}.Debug|Any CPU.Build.0 = Debug|Any CPU
		{7F8C8890-F2EB-479B-94ED-74377045FCB6}.Debug|Mixed Platforms.ActiveCfg = Debug|Any CPU
		{7F8C8890-F2EB-479B-94ED-74377045FCB6}.Debug|Mixed Platforms.Build.0 = Debug|Any CPU
		{7F8C8890-F2EB-479B-94ED-74377045FCB6}.Debug|x64.ActiveCfg = Debug|Any CPU
		{7F8C8890-F2EB-479B-94ED-74377045FCB6}.Debug|x86.ActiveCfg = Debug|Any CPU
		{7F8C8890-F2EB-479B-94ED-74377045FCB6}.Release|Any CPU.ActiveCfg = Release|Any CPU
		{7F8C8890-F2EB-479B-94ED-74377045FCB6}.Release|Any CPU.Build.0 = Release|Any CPU
		{7F8C8890-F2EB-479B-94ED-74377045FCB6}.Release|Mixed Platforms.ActiveCfg = Release|Any CPU
		{7F8C8890-F2EB-479B-94ED-74377045FCB6}.Release|Mixed Platforms.Build.0 = Release|Any CPU
		{7F8C8890-F2EB-479B-94ED-74377045FCB6}.Release|x64.ActiveCfg = Release|Any CPU
		{7F8C8890-F2EB-479B-94ED-74377045FCB6}.Release|x86.ActiveCfg = Release|Any CPU
		{F8006AE8-6107-4297-9E19-C2E55303FCC6}.Debug|Any CPU.ActiveCfg = Debug|Any CPU
		{F8006AE8-6107-4297-9E19-C2E55303FCC6}.Debug|Any CPU.Build.0 = Debug|Any CPU
		{F8006AE8-6107-4297-9E19-C2E55303FCC6}.Debug|Mixed Platforms.ActiveCfg = Debug|Any CPU
		{F8006AE8-6107-4297-9E19-C2E55303FCC6}.Debug|Mixed Platforms.Build.0 = Debug|Any CPU
		{F8006AE8-6107-4297-9E19-C2E55303FCC6}.Debug|x64.ActiveCfg = Debug|Any CPU
		{F8006AE8-6107-4297-9E19-C2E55303FCC6}.Debug|x86.ActiveCfg = Debug|Any CPU
		{F8006AE8-6107-4297-9E19-C2E55303FCC6}.Release|Any CPU.ActiveCfg = Release|Any CPU
		{F8006AE8-6107-4297-9E19-C2E55303FCC6}.Release|Any CPU.Build.0 = Release|Any CPU
		{F8006AE8-6107-4297-9E19-C2E55303FCC6}.Release|Mixed Platforms.ActiveCfg = Release|Any CPU
		{F8006AE8-6107-4297-9E19-C2E55303FCC6}.Release|Mixed Platforms.Build.0 = Release|Any CPU
		{F8006AE8-6107-4297-9E19-C2E55303FCC6}.Release|x64.ActiveCfg = Release|Any CPU
		{F8006AE8-6107-4297-9E19-C2E55303FCC6}.Release|x86.ActiveCfg = Release|Any CPU
		{03E26EC4-4663-41FB-8467-4BEDBB5A99E9}.Debug|Any CPU.ActiveCfg = Debug|x86
		{03E26EC4-4663-41FB-8467-4BEDBB5A99E9}.Debug|Mixed Platforms.ActiveCfg = Debug|x86
		{03E26EC4-4663-41FB-8467-4BEDBB5A99E9}.Debug|Mixed Platforms.Build.0 = Debug|x86
		{03E26EC4-4663-41FB-8467-4BEDBB5A99E9}.Debug|x64.ActiveCfg = Debug|x86
		{03E26EC4-4663-41FB-8467-4BEDBB5A99E9}.Debug|x86.ActiveCfg = Debug|x86
		{03E26EC4-4663-41FB-8467-4BEDBB5A99E9}.Debug|x86.Build.0 = Debug|x86
		{03E26EC4-4663-41FB-8467-4BEDBB5A99E9}.Release|Any CPU.ActiveCfg = Release|x86
		{03E26EC4-4663-41FB-8467-4BEDBB5A99E9}.Release|Mixed Platforms.ActiveCfg = Release|x86
		{03E26EC4-4663-41FB-8467-4BEDBB5A99E9}.Release|Mixed Platforms.Build.0 = Release|x86
		{03E26EC4-4663-41FB-8467-4BEDBB5A99E9}.Release|x64.ActiveCfg = Release|x86
		{03E26EC4-4663-41FB-8467-4BEDBB5A99E9}.Release|x86.ActiveCfg = Release|x86
		{03E26EC4-4663-41FB-8467-4BEDBB5A99E9}.Release|x86.Build.0 = Release|x86
		{5BF10FA7-95B7-42B4-8F17-65AE02AA65FE}.Debug|Any CPU.ActiveCfg = Debug|x86
		{5BF10FA7-95B7-42B4-8F17-65AE02AA65FE}.Debug|Mixed Platforms.ActiveCfg = Debug|x86
		{5BF10FA7-95B7-42B4-8F17-65AE02AA65FE}.Debug|Mixed Platforms.Build.0 = Debug|x86
		{5BF10FA7-95B7-42B4-8F17-65AE02AA65FE}.Debug|x64.ActiveCfg = Debug|x86
		{5BF10FA7-95B7-42B4-8F17-65AE02AA65FE}.Debug|x86.ActiveCfg = Debug|x86
		{5BF10FA7-95B7-42B4-8F17-65AE02AA65FE}.Debug|x86.Build.0 = Debug|x86
		{5BF10FA7-95B7-42B4-8F17-65AE02AA65FE}.Release|Any CPU.ActiveCfg = Release|x86
		{5BF10FA7-95B7-42B4-8F17-65AE02AA65FE}.Release|Mixed Platforms.ActiveCfg = Release|x86
		{5BF10FA7-95B7-42B4-8F17-65AE02AA65FE}.Release|Mixed Platforms.Build.0 = Release|x86
		{5BF10FA7-95B7-42B4-8F17-65AE02AA65FE}.Release|x64.ActiveCfg = Release|x86
		{5BF10FA7-95B7-42B4-8F17-65AE02AA65FE}.Release|x86.ActiveCfg = Release|x86
		{5BF10FA7-95B7-42B4-8F17-65AE02AA65FE}.Release|x86.Build.0 = Release|x86
		{D381CE62-3B23-4BFE-847B-912F7992075B}.Debug|Any CPU.ActiveCfg = Debug|Any CPU
		{D381CE62-3B23-4BFE-847B-912F7992075B}.Debug|Any CPU.Build.0 = Debug|Any CPU
		{D381CE62-3B23-4BFE-847B-912F7992075B}.Debug|Mixed Platforms.ActiveCfg = Debug|Any CPU
		{D381CE62-3B23-4BFE-847B-912F7992075B}.Debug|Mixed Platforms.Build.0 = Debug|Any CPU
		{D381CE62-3B23-4BFE-847B-912F7992075B}.Debug|x64.ActiveCfg = Debug|Any CPU
		{D381CE62-3B23-4BFE-847B-912F7992075B}.Debug|x64.Build.0 = Debug|Any CPU
		{D381CE62-3B23-4BFE-847B-912F7992075B}.Debug|x86.ActiveCfg = Debug|Any CPU
		{D381CE62-3B23-4BFE-847B-912F7992075B}.Debug|x86.Build.0 = Debug|Any CPU
		{D381CE62-3B23-4BFE-847B-912F7992075B}.Release|Any CPU.ActiveCfg = Release|Any CPU
		{D381CE62-3B23-4BFE-847B-912F7992075B}.Release|Any CPU.Build.0 = Release|Any CPU
		{D381CE62-3B23-4BFE-847B-912F7992075B}.Release|Mixed Platforms.ActiveCfg = Release|Any CPU
		{D381CE62-3B23-4BFE-847B-912F7992075B}.Release|Mixed Platforms.Build.0 = Release|Any CPU
		{D381CE62-3B23-4BFE-847B-912F7992075B}.Release|x64.ActiveCfg = Release|Any CPU
		{D381CE62-3B23-4BFE-847B-912F7992075B}.Release|x64.Build.0 = Release|Any CPU
		{D381CE62-3B23-4BFE-847B-912F7992075B}.Release|x86.ActiveCfg = Release|Any CPU
		{D381CE62-3B23-4BFE-847B-912F7992075B}.Release|x86.Build.0 = Release|Any CPU
		{C06AF971-A922-4070-A335-1C5D6A16A6CE}.Debug|Any CPU.ActiveCfg = Debug|Any CPU
		{C06AF971-A922-4070-A335-1C5D6A16A6CE}.Debug|Any CPU.Build.0 = Debug|Any CPU
		{C06AF971-A922-4070-A335-1C5D6A16A6CE}.Debug|Mixed Platforms.ActiveCfg = Debug|Any CPU
		{C06AF971-A922-4070-A335-1C5D6A16A6CE}.Debug|Mixed Platforms.Build.0 = Debug|Any CPU
		{C06AF971-A922-4070-A335-1C5D6A16A6CE}.Debug|x64.ActiveCfg = Debug|Any CPU
		{C06AF971-A922-4070-A335-1C5D6A16A6CE}.Debug|x64.Build.0 = Debug|Any CPU
		{C06AF971-A922-4070-A335-1C5D6A16A6CE}.Debug|x86.ActiveCfg = Debug|Any CPU
		{C06AF971-A922-4070-A335-1C5D6A16A6CE}.Debug|x86.Build.0 = Debug|Any CPU
		{C06AF971-A922-4070-A335-1C5D6A16A6CE}.Release|Any CPU.ActiveCfg = Release|Any CPU
		{C06AF971-A922-4070-A335-1C5D6A16A6CE}.Release|Any CPU.Build.0 = Release|Any CPU
		{C06AF971-A922-4070-A335-1C5D6A16A6CE}.Release|Mixed Platforms.ActiveCfg = Release|Any CPU
		{C06AF971-A922-4070-A335-1C5D6A16A6CE}.Release|Mixed Platforms.Build.0 = Release|Any CPU
		{C06AF971-A922-4070-A335-1C5D6A16A6CE}.Release|x64.ActiveCfg = Release|Any CPU
		{C06AF971-A922-4070-A335-1C5D6A16A6CE}.Release|x64.Build.0 = Release|Any CPU
		{C06AF971-A922-4070-A335-1C5D6A16A6CE}.Release|x86.ActiveCfg = Release|Any CPU
		{C06AF971-A922-4070-A335-1C5D6A16A6CE}.Release|x86.Build.0 = Release|Any CPU
		{0D1B8423-44F6-4ACE-8055-58D66E574F9D}.Debug|Any CPU.ActiveCfg = Debug|Any CPU
		{0D1B8423-44F6-4ACE-8055-58D66E574F9D}.Debug|Any CPU.Build.0 = Debug|Any CPU
		{0D1B8423-44F6-4ACE-8055-58D66E574F9D}.Debug|Mixed Platforms.ActiveCfg = Debug|Any CPU
		{0D1B8423-44F6-4ACE-8055-58D66E574F9D}.Debug|Mixed Platforms.Build.0 = Debug|Any CPU
		{0D1B8423-44F6-4ACE-8055-58D66E574F9D}.Debug|x64.ActiveCfg = Debug|Any CPU
		{0D1B8423-44F6-4ACE-8055-58D66E574F9D}.Debug|x64.Build.0 = Debug|Any CPU
		{0D1B8423-44F6-4ACE-8055-58D66E574F9D}.Debug|x86.ActiveCfg = Debug|Any CPU
		{0D1B8423-44F6-4ACE-8055-58D66E574F9D}.Debug|x86.Build.0 = Debug|Any CPU
		{0D1B8423-44F6-4ACE-8055-58D66E574F9D}.Release|Any CPU.ActiveCfg = Release|Any CPU
		{0D1B8423-44F6-4ACE-8055-58D66E574F9D}.Release|Any CPU.Build.0 = Release|Any CPU
		{0D1B8423-44F6-4ACE-8055-58D66E574F9D}.Release|Mixed Platforms.ActiveCfg = Release|Any CPU
		{0D1B8423-44F6-4ACE-8055-58D66E574F9D}.Release|Mixed Platforms.Build.0 = Release|Any CPU
		{0D1B8423-44F6-4ACE-8055-58D66E574F9D}.Release|x64.ActiveCfg = Release|Any CPU
		{0D1B8423-44F6-4ACE-8055-58D66E574F9D}.Release|x64.Build.0 = Release|Any CPU
		{0D1B8423-44F6-4ACE-8055-58D66E574F9D}.Release|x86.ActiveCfg = Release|Any CPU
		{0D1B8423-44F6-4ACE-8055-58D66E574F9D}.Release|x86.Build.0 = Release|Any CPU
		{396210A4-AEDA-4352-8458-1788083E336F}.Debug|Any CPU.ActiveCfg = Debug|Any CPU
		{396210A4-AEDA-4352-8458-1788083E336F}.Debug|Any CPU.Build.0 = Debug|Any CPU
		{396210A4-AEDA-4352-8458-1788083E336F}.Debug|Mixed Platforms.ActiveCfg = Debug|Any CPU
		{396210A4-AEDA-4352-8458-1788083E336F}.Debug|Mixed Platforms.Build.0 = Debug|Any CPU
		{396210A4-AEDA-4352-8458-1788083E336F}.Debug|x64.ActiveCfg = Debug|Any CPU
		{396210A4-AEDA-4352-8458-1788083E336F}.Debug|x64.Build.0 = Debug|Any CPU
		{396210A4-AEDA-4352-8458-1788083E336F}.Debug|x86.ActiveCfg = Debug|Any CPU
		{396210A4-AEDA-4352-8458-1788083E336F}.Debug|x86.Build.0 = Debug|Any CPU
		{396210A4-AEDA-4352-8458-1788083E336F}.Release|Any CPU.ActiveCfg = Release|Any CPU
		{396210A4-AEDA-4352-8458-1788083E336F}.Release|Any CPU.Build.0 = Release|Any CPU
		{396210A4-AEDA-4352-8458-1788083E336F}.Release|Mixed Platforms.ActiveCfg = Release|Any CPU
		{396210A4-AEDA-4352-8458-1788083E336F}.Release|Mixed Platforms.Build.0 = Release|Any CPU
		{396210A4-AEDA-4352-8458-1788083E336F}.Release|x64.ActiveCfg = Release|Any CPU
		{396210A4-AEDA-4352-8458-1788083E336F}.Release|x64.Build.0 = Release|Any CPU
		{396210A4-AEDA-4352-8458-1788083E336F}.Release|x86.ActiveCfg = Release|Any CPU
		{396210A4-AEDA-4352-8458-1788083E336F}.Release|x86.Build.0 = Release|Any CPU
		{456524B8-7F2A-45B9-9642-5CD4737D051F}.Debug|Any CPU.ActiveCfg = Debug|Any CPU
		{456524B8-7F2A-45B9-9642-5CD4737D051F}.Debug|Any CPU.Build.0 = Debug|Any CPU
		{456524B8-7F2A-45B9-9642-5CD4737D051F}.Debug|Mixed Platforms.ActiveCfg = Debug|Any CPU
		{456524B8-7F2A-45B9-9642-5CD4737D051F}.Debug|Mixed Platforms.Build.0 = Debug|Any CPU
		{456524B8-7F2A-45B9-9642-5CD4737D051F}.Debug|x64.ActiveCfg = Debug|Any CPU
		{456524B8-7F2A-45B9-9642-5CD4737D051F}.Debug|x64.Build.0 = Debug|Any CPU
		{456524B8-7F2A-45B9-9642-5CD4737D051F}.Debug|x86.ActiveCfg = Debug|Any CPU
		{456524B8-7F2A-45B9-9642-5CD4737D051F}.Debug|x86.Build.0 = Debug|Any CPU
		{456524B8-7F2A-45B9-9642-5CD4737D051F}.Release|Any CPU.ActiveCfg = Release|Any CPU
		{456524B8-7F2A-45B9-9642-5CD4737D051F}.Release|Any CPU.Build.0 = Release|Any CPU
		{456524B8-7F2A-45B9-9642-5CD4737D051F}.Release|Mixed Platforms.ActiveCfg = Release|Any CPU
		{456524B8-7F2A-45B9-9642-5CD4737D051F}.Release|Mixed Platforms.Build.0 = Release|Any CPU
		{456524B8-7F2A-45B9-9642-5CD4737D051F}.Release|x64.ActiveCfg = Release|Any CPU
		{456524B8-7F2A-45B9-9642-5CD4737D051F}.Release|x64.Build.0 = Release|Any CPU
		{456524B8-7F2A-45B9-9642-5CD4737D051F}.Release|x86.ActiveCfg = Release|Any CPU
		{456524B8-7F2A-45B9-9642-5CD4737D051F}.Release|x86.Build.0 = Release|Any CPU
	EndGlobalSection
	GlobalSection(SolutionProperties) = preSolution
		HideSolutionNode = FALSE
	EndGlobalSection
	GlobalSection(NestedProjects) = preSolution
		{5B73EE4C-D365-437B-B3DC-8D8831BF74F3} = {C5B85D93-6717-4270-9C36-79EFC18441C5}
		{BBD4CD30-FCB8-45B5-8AEF-F1D4192BC8B2} = {C5B85D93-6717-4270-9C36-79EFC18441C5}
		{A33041FF-1521-4CA0-BF53-AFB1C1BBF086} = {C5B85D93-6717-4270-9C36-79EFC18441C5}
		{E86A1442-C73E-415F-8C67-0F6D79BBB1C3} = {C5B85D93-6717-4270-9C36-79EFC18441C5}
		{158872DD-31B7-4DF7-8950-A9547CC220C2} = {C5B85D93-6717-4270-9C36-79EFC18441C5}
		{7F8C8890-F2EB-479B-94ED-74377045FCB6} = {C5B85D93-6717-4270-9C36-79EFC18441C5}
		{F8006AE8-6107-4297-9E19-C2E55303FCC6} = {C5B85D93-6717-4270-9C36-79EFC18441C5}
		{03E26EC4-4663-41FB-8467-4BEDBB5A99E9} = {C5B85D93-6717-4270-9C36-79EFC18441C5}
		{5BF10FA7-95B7-42B4-8F17-65AE02AA65FE} = {6DF9D872-BD7D-468D-A8A5-655F4839816E}
	EndGlobalSection
	GlobalSection(ExtensibilityGlobals) = postSolution
		SolutionGuid = {985CE350-9049-4D80-BEEE-B50E08F17C40}
	EndGlobalSection
	GlobalSection(TestCaseManagementSettings) = postSolution
		CategoryFile = dotNetRDF.vsmdi
	EndGlobalSection
EndGlobal
